
Microsoft Visual Studio Solution File, Format Version 12.00
# Visual Studio 14
VisualStudioVersion = 14.0.24720.0
MinimumVisualStudioVersion = 10.0.40219.1
Project("{2150E333-8FDC-42A3-9474-1A3956D46DE8}") = "Solution Items", "Solution Items", "{562EDD81-6E82-4E84-8CF9-69FCF9D7EE75}"
	ProjectSection(SolutionItems) = preProject
		..\..\old\game.html = ..\..\old\game.html
		..\..\old\game_script.js = ..\..\old\game_script.js
		..\..\old\generator.js = ..\..\old\generator.js
		..\..\old\skier.js = ..\..\old\skier.js
		..\..\old\skier.png = ..\..\old\skier.png
		..\..\old\style.css = ..\..\old\style.css
	EndProjectSection
EndProject
Global
	GlobalSection(SolutionProperties) = preSolution
		HideSolutionNode = FALSE
	EndGlobalSection
EndGlobal
